
Microsoft Visual Studio Solution File, Format Version 12.00
# Visual Studio Version 16
VisualStudioVersion = 16.0.28803.202
MinimumVisualStudioVersion = 10.0.40219.1
Project("{FAE04EC0-301F-11D3-BF4B-00C04F79EFBC}") = "PlatformSpecifics.UWP", "PlatformSpecifics\PlatformSpecifics.UWP\PlatformSpecifics.UWP.csproj", "{2CFEFEAE-C047-47E1-BB4D-1D3BE8A99A5B}"
EndProject
Project("{FAE04EC0-301F-11D3-BF4B-00C04F79EFBC}") = "PlatformSpecifics.Android", "PlatformSpecifics\PlatformSpecifics.Android\PlatformSpecifics.Android.csproj", "{D5336896-1A64-4806-87B3-ECE16D752B95}"
EndProject
Project("{FAE04EC0-301F-11D3-BF4B-00C04F79EFBC}") = "PlatformSpecifics.iOS", "PlatformSpecifics\PlatformSpecifics.iOS\PlatformSpecifics.iOS.csproj", "{3E13B730-0CB6-4370-BEC1-78742218152F}"
EndProject
Project("{FAE04EC0-301F-11D3-BF4B-00C04F79EFBC}") = "PlatformSpecifics", "PlatformSpecifics\PlatformSpecifics\PlatformSpecifics.csproj", "{1A48ECAA-D938-4EBD-8631-E14BB87AB66D}"
EndProject
Global
	GlobalSection(SolutionConfigurationPlatforms) = preSolution
		Debug|Any CPU = Debug|Any CPU
		Debug|ARM = Debug|ARM
		Debug|iPhone = Debug|iPhone
		Debug|iPhoneSimulator = Debug|iPhoneSimulator
		Debug|x64 = Debug|x64
		Debug|x86 = Debug|x86
		Release|Any CPU = Release|Any CPU
		Release|ARM = Release|ARM
		Release|iPhone = Release|iPhone
		Release|iPhoneSimulator = Release|iPhoneSimulator
		Release|x64 = Release|x64
		Release|x86 = Release|x86
	EndGlobalSection
	GlobalSection(ProjectConfigurationPlatforms) = postSolution
		{2CFEFEAE-C047-47E1-BB4D-1D3BE8A99A5B}.Debug|Any CPU.ActiveCfg = Debug|x86
		{2CFEFEAE-C047-47E1-BB4D-1D3BE8A99A5B}.Debug|Any CPU.Build.0 = Debug|x86
		{2CFEFEAE-C047-47E1-BB4D-1D3BE8A99A5B}.Debug|Any CPU.Deploy.0 = Debug|x86
		{2CFEFEAE-C047-47E1-BB4D-1D3BE8A99A5B}.Debug|ARM.ActiveCfg = Debug|ARM
		{2CFEFEAE-C047-47E1-BB4D-1D3BE8A99A5B}.Debug|ARM.Build.0 = Debug|ARM
		{2CFEFEAE-C047-47E1-BB4D-1D3BE8A99A5B}.Debug|ARM.Deploy.0 = Debug|ARM
		{2CFEFEAE-C047-47E1-BB4D-1D3BE8A99A5B}.Debug|iPhone.ActiveCfg = Debug|x86
		{2CFEFEAE-C047-47E1-BB4D-1D3BE8A99A5B}.Debug|iPhone.Build.0 = Debug|x86
		{2CFEFEAE-C047-47E1-BB4D-1D3BE8A99A5B}.Debug|iPhone.Deploy.0 = Debug|x86
		{2CFEFEAE-C047-47E1-BB4D-1D3BE8A99A5B}.Debug|iPhoneSimulator.ActiveCfg = Debug|x86
		{2CFEFEAE-C047-47E1-BB4D-1D3BE8A99A5B}.Debug|iPhoneSimulator.Build.0 = Debug|x86
		{2CFEFEAE-C047-47E1-BB4D-1D3BE8A99A5B}.Debug|iPhoneSimulator.Deploy.0 = Debug|x86
		{2CFEFEAE-C047-47E1-BB4D-1D3BE8A99A5B}.Debug|x64.ActiveCfg = Debug|x64
		{2CFEFEAE-C047-47E1-BB4D-1D3BE8A99A5B}.Debug|x64.Build.0 = Debug|x64
		{2CFEFEAE-C047-47E1-BB4D-1D3BE8A99A5B}.Debug|x64.Deploy.0 = Debug|x64
		{2CFEFEAE-C047-47E1-BB4D-1D3BE8A99A5B}.Debug|x86.ActiveCfg = Debug|x86
		{2CFEFEAE-C047-47E1-BB4D-1D3BE8A99A5B}.Debug|x86.Build.0 = Debug|x86
		{2CFEFEAE-C047-47E1-BB4D-1D3BE8A99A5B}.Debug|x86.Deploy.0 = Debug|x86
		{2CFEFEAE-C047-47E1-BB4D-1D3BE8A99A5B}.Release|Any CPU.ActiveCfg = Release|x86
		{2CFEFEAE-C047-47E1-BB4D-1D3BE8A99A5B}.Release|Any CPU.Build.0 = Release|x86
		{2CFEFEAE-C047-47E1-BB4D-1D3BE8A99A5B}.Release|Any CPU.Deploy.0 = Release|x86
		{2CFEFEAE-C047-47E1-BB4D-1D3BE8A99A5B}.Release|ARM.ActiveCfg = Release|ARM
		{2CFEFEAE-C047-47E1-BB4D-1D3BE8A99A5B}.Release|ARM.Build.0 = Release|ARM
		{2CFEFEAE-C047-47E1-BB4D-1D3BE8A99A5B}.Release|ARM.Deploy.0 = Release|ARM
		{2CFEFEAE-C047-47E1-BB4D-1D3BE8A99A5B}.Release|iPhone.ActiveCfg = Release|x86
		{2CFEFEAE-C047-47E1-BB4D-1D3BE8A99A5B}.Release|iPhone.Build.0 = Release|x86
		{2CFEFEAE-C047-47E1-BB4D-1D3BE8A99A5B}.Release|iPhone.Deploy.0 = Release|x86
		{2CFEFEAE-C047-47E1-BB4D-1D3BE8A99A5B}.Release|iPhoneSimulator.ActiveCfg = Release|x86
		{2CFEFEAE-C047-47E1-BB4D-1D3BE8A99A5B}.Release|iPhoneSimulator.Build.0 = Release|x86
		{2CFEFEAE-C047-47E1-BB4D-1D3BE8A99A5B}.Release|iPhoneSimulator.Deploy.0 = Release|x86
		{2CFEFEAE-C047-47E1-BB4D-1D3BE8A99A5B}.Release|x64.ActiveCfg = Release|x64
		{2CFEFEAE-C047-47E1-BB4D-1D3BE8A99A5B}.Release|x64.Build.0 = Release|x64
		{2CFEFEAE-C047-47E1-BB4D-1D3BE8A99A5B}.Release|x64.Deploy.0 = Release|x64
		{2CFEFEAE-C047-47E1-BB4D-1D3BE8A99A5B}.Release|x86.ActiveCfg = Release|x86
		{2CFEFEAE-C047-47E1-BB4D-1D3BE8A99A5B}.Release|x86.Build.0 = Release|x86
		{2CFEFEAE-C047-47E1-BB4D-1D3BE8A99A5B}.Release|x86.Deploy.0 = Release|x86
		{D5336896-1A64-4806-87B3-ECE16D752B95}.Debug|Any CPU.ActiveCfg = Debug|Any CPU
		{D5336896-1A64-4806-87B3-ECE16D752B95}.Debug|Any CPU.Build.0 = Debug|Any CPU
		{D5336896-1A64-4806-87B3-ECE16D752B95}.Debug|Any CPU.Deploy.0 = Debug|Any CPU
		{D5336896-1A64-4806-87B3-ECE16D752B95}.Debug|ARM.ActiveCfg = Debug|Any CPU
		{D5336896-1A64-4806-87B3-ECE16D752B95}.Debug|ARM.Build.0 = Debug|Any CPU
		{D5336896-1A64-4806-87B3-ECE16D752B95}.Debug|ARM.Deploy.0 = Debug|Any CPU
		{D5336896-1A64-4806-87B3-ECE16D752B95}.Debug|iPhone.ActiveCfg = Debug|Any CPU
		{D5336896-1A64-4806-87B3-ECE16D752B95}.Debug|iPhone.Build.0 = Debug|Any CPU
		{D5336896-1A64-4806-87B3-ECE16D752B95}.Debug|iPhone.Deploy.0 = Debug|Any CPU
		{D5336896-1A64-4806-87B3-ECE16D752B95}.Debug|iPhoneSimulator.ActiveCfg = Debug|Any CPU
		{D5336896-1A64-4806-87B3-ECE16D752B95}.Debug|iPhoneSimulator.Build.0 = Debug|Any CPU
		{D5336896-1A64-4806-87B3-ECE16D752B95}.Debug|iPhoneSimulator.Deploy.0 = Debug|Any CPU
		{D5336896-1A64-4806-87B3-ECE16D752B95}.Debug|x64.ActiveCfg = Debug|Any CPU
		{D5336896-1A64-4806-87B3-ECE16D752B95}.Debug|x64.Build.0 = Debug|Any CPU
		{D5336896-1A64-4806-87B3-ECE16D752B95}.Debug|x64.Deploy.0 = Debug|Any CPU
		{D5336896-1A64-4806-87B3-ECE16D752B95}.Debug|x86.ActiveCfg = Debug|Any CPU
		{D5336896-1A64-4806-87B3-ECE16D752B95}.Debug|x86.Build.0 = Debug|Any CPU
		{D5336896-1A64-4806-87B3-ECE16D752B95}.Debug|x86.Deploy.0 = Debug|Any CPU
		{D5336896-1A64-4806-87B3-ECE16D752B95}.Release|Any CPU.ActiveCfg = Release|Any CPU
		{D5336896-1A64-4806-87B3-ECE16D752B95}.Release|Any CPU.Build.0 = Release|Any CPU
		{D5336896-1A64-4806-87B3-ECE16D752B95}.Release|Any CPU.Deploy.0 = Release|Any CPU
		{D5336896-1A64-4806-87B3-ECE16D752B95}.Release|ARM.ActiveCfg = Release|Any CPU
		{D5336896-1A64-4806-87B3-ECE16D752B95}.Release|ARM.Build.0 = Release|Any CPU
		{D5336896-1A64-4806-87B3-ECE16D752B95}.Release|ARM.Deploy.0 = Release|Any CPU
		{D5336896-1A64-4806-87B3-ECE16D752B95}.Release|iPhone.ActiveCfg = Release|Any CPU
		{D5336896-1A64-4806-87B3-ECE16D752B95}.Release|iPhone.Build.0 = Release|Any CPU
		{D5336896-1A64-4806-87B3-ECE16D752B95}.Release|iPhone.Deploy.0 = Release|Any CPU
		{D5336896-1A64-4806-87B3-ECE16D752B95}.Release|iPhoneSimulator.ActiveCfg = Release|Any CPU
		{D5336896-1A64-4806-87B3-ECE16D752B95}.Release|iPhoneSimulator.Build.0 = Release|Any CPU
		{D5336896-1A64-4806-87B3-ECE16D752B95}.Release|iPhoneSimulator.Deploy.0 = Release|Any CPU
		{D5336896-1A64-4806-87B3-ECE16D752B95}.Release|x64.ActiveCfg = Release|Any CPU
		{D5336896-1A64-4806-87B3-ECE16D752B95}.Release|x64.Build.0 = Release|Any CPU
		{D5336896-1A64-4806-87B3-ECE16D752B95}.Release|x64.Deploy.0 = Release|Any CPU
		{D5336896-1A64-4806-87B3-ECE16D752B95}.Release|x86.ActiveCfg = Release|Any CPU
		{D5336896-1A64-4806-87B3-ECE16D752B95}.Release|x86.Build.0 = Release|Any CPU
		{D5336896-1A64-4806-87B3-ECE16D752B95}.Release|x86.Deploy.0 = Release|Any CPU
		{3E13B730-0CB6-4370-BEC1-78742218152F}.Debug|Any CPU.ActiveCfg = Debug|iPhone
		{3E13B730-0CB6-4370-BEC1-78742218152F}.Debug|Any CPU.Build.0 = Debug|iPhone
		{3E13B730-0CB6-4370-BEC1-78742218152F}.Debug|Any CPU.Deploy.0 = Debug|iPhone
		{3E13B730-0CB6-4370-BEC1-78742218152F}.Debug|ARM.ActiveCfg = Debug|iPhoneSimulator
		{3E13B730-0CB6-4370-BEC1-78742218152F}.Debug|ARM.Build.0 = Debug|iPhoneSimulator
		{3E13B730-0CB6-4370-BEC1-78742218152F}.Debug|ARM.Deploy.0 = Debug|iPhoneSimulator
		{3E13B730-0CB6-4370-BEC1-78742218152F}.Debug|iPhone.ActiveCfg = Debug|iPhone
		{3E13B730-0CB6-4370-BEC1-78742218152F}.Debug|iPhone.Build.0 = Debug|iPhone
		{3E13B730-0CB6-4370-BEC1-78742218152F}.Debug|iPhone.Deploy.0 = Debug|iPhone
		{3E13B730-0CB6-4370-BEC1-78742218152F}.Debug|iPhoneSimulator.ActiveCfg = Debug|iPhoneSimulator
		{3E13B730-0CB6-4370-BEC1-78742218152F}.Debug|iPhoneSimulator.Build.0 = Debug|iPhoneSimulator
		{3E13B730-0CB6-4370-BEC1-78742218152F}.Debug|iPhoneSimulator.Deploy.0 = Debug|iPhoneSimulator
		{3E13B730-0CB6-4370-BEC1-78742218152F}.Debug|x64.ActiveCfg = Debug|iPhone
		{3E13B730-0CB6-4370-BEC1-78742218152F}.Debug|x64.Build.0 = Debug|iPhone
		{3E13B730-0CB6-4370-BEC1-78742218152F}.Debug|x64.Deploy.0 = Debug|iPhone
		{3E13B730-0CB6-4370-BEC1-78742218152F}.Debug|x86.ActiveCfg = Debug|iPhone
		{3E13B730-0CB6-4370-BEC1-78742218152F}.Debug|x86.Build.0 = Debug|iPhone
		{3E13B730-0CB6-4370-BEC1-78742218152F}.Debug|x86.Deploy.0 = Debug|iPhone
		{3E13B730-0CB6-4370-BEC1-78742218152F}.Release|Any CPU.ActiveCfg = Release|iPhone
		{3E13B730-0CB6-4370-BEC1-78742218152F}.Release|Any CPU.Build.0 = Release|iPhone
		{3E13B730-0CB6-4370-BEC1-78742218152F}.Release|Any CPU.Deploy.0 = Release|iPhone
		{3E13B730-0CB6-4370-BEC1-78742218152F}.Release|ARM.ActiveCfg = Release|iPhone
		{3E13B730-0CB6-4370-BEC1-78742218152F}.Release|ARM.Build.0 = Release|iPhone
		{3E13B730-0CB6-4370-BEC1-78742218152F}.Release|ARM.Deploy.0 = Release|iPhone
		{3E13B730-0CB6-4370-BEC1-78742218152F}.Release|iPhone.ActiveCfg = Release|iPhone
		{3E13B730-0CB6-4370-BEC1-78742218152F}.Release|iPhone.Build.0 = Release|iPhone
		{3E13B730-0CB6-4370-BEC1-78742218152F}.Release|iPhone.Deploy.0 = Release|iPhone
		{3E13B730-0CB6-4370-BEC1-78742218152F}.Release|iPhoneSimulator.ActiveCfg = Release|iPhoneSimulator
		{3E13B730-0CB6-4370-BEC1-78742218152F}.Release|iPhoneSimulator.Build.0 = Release|iPhoneSimulator
		{3E13B730-0CB6-4370-BEC1-78742218152F}.Release|iPhoneSimulator.Deploy.0 = Release|iPhoneSimulator
		{3E13B730-0CB6-4370-BEC1-78742218152F}.Release|x64.ActiveCfg = Release|iPhone
		{3E13B730-0CB6-4370-BEC1-78742218152F}.Release|x64.Build.0 = Release|iPhone
		{3E13B730-0CB6-4370-BEC1-78742218152F}.Release|x64.Deploy.0 = Release|iPhone
		{3E13B730-0CB6-4370-BEC1-78742218152F}.Release|x86.ActiveCfg = Release|iPhone
		{3E13B730-0CB6-4370-BEC1-78742218152F}.Release|x86.Build.0 = Release|iPhone
		{3E13B730-0CB6-4370-BEC1-78742218152F}.Release|x86.Deploy.0 = Release|iPhone
		{1A48ECAA-D938-4EBD-8631-E14BB87AB66D}.Debug|Any CPU.ActiveCfg = Debug|Any CPU
		{1A48ECAA-D938-4EBD-8631-E14BB87AB66D}.Debug|Any CPU.Build.0 = Debug|Any CPU
		{1A48ECAA-D938-4EBD-8631-E14BB87AB66D}.Debug|Any CPU.Deploy.0 = Debug|Any CPU
		{1A48ECAA-D938-4EBD-8631-E14BB87AB66D}.Debug|ARM.ActiveCfg = Debug|Any CPU
		{1A48ECAA-D938-4EBD-8631-E14BB87AB66D}.Debug|ARM.Build.0 = Debug|Any CPU
		{1A48ECAA-D938-4EBD-8631-E14BB87AB66D}.Debug|ARM.Deploy.0 = Debug|Any CPU
		{1A48ECAA-D938-4EBD-8631-E14BB87AB66D}.Debug|iPhone.ActiveCfg = Debug|Any CPU
		{1A48ECAA-D938-4EBD-8631-E14BB87AB66D}.Debug|iPhone.Build.0 = Debug|Any CPU
		{1A48ECAA-D938-4EBD-8631-E14BB87AB66D}.Debug|iPhone.Deploy.0 = Debug|Any CPU
		{1A48ECAA-D938-4EBD-8631-E14BB87AB66D}.Debug|iPhoneSimulator.ActiveCfg = Debug|Any CPU
		{1A48ECAA-D938-4EBD-8631-E14BB87AB66D}.Debug|iPhoneSimulator.Build.0 = Debug|Any CPU
		{1A48ECAA-D938-4EBD-8631-E14BB87AB66D}.Debug|iPhoneSimulator.Deploy.0 = Debug|Any CPU
		{1A48ECAA-D938-4EBD-8631-E14BB87AB66D}.Debug|x64.ActiveCfg = Debug|Any CPU
		{1A48ECAA-D938-4EBD-8631-E14BB87AB66D}.Debug|x64.Build.0 = Debug|Any CPU
		{1A48ECAA-D938-4EBD-8631-E14BB87AB66D}.Debug|x64.Deploy.0 = Debug|Any CPU
		{1A48ECAA-D938-4EBD-8631-E14BB87AB66D}.Debug|x86.ActiveCfg = Debug|Any CPU
		{1A48ECAA-D938-4EBD-8631-E14BB87AB66D}.Debug|x86.Build.0 = Debug|Any CPU
		{1A48ECAA-D938-4EBD-8631-E14BB87AB66D}.Debug|x86.Deploy.0 = Debug|Any CPU
		{1A48ECAA-D938-4EBD-8631-E14BB87AB66D}.Release|Any CPU.ActiveCfg = Release|Any CPU
		{1A48ECAA-D938-4EBD-8631-E14BB87AB66D}.Release|Any CPU.Build.0 = Release|Any CPU
		{1A48ECAA-D938-4EBD-8631-E14BB87AB66D}.Release|Any CPU.Deploy.0 = Release|Any CPU
		{1A48ECAA-D938-4EBD-8631-E14BB87AB66D}.Release|ARM.ActiveCfg = Release|Any CPU
		{1A48ECAA-D938-4EBD-8631-E14BB87AB66D}.Release|ARM.Build.0 = Release|Any CPU
		{1A48ECAA-D938-4EBD-8631-E14BB87AB66D}.Release|ARM.Deploy.0 = Release|Any CPU
		{1A48ECAA-D938-4EBD-8631-E14BB87AB66D}.Release|iPhone.ActiveCfg = Release|Any CPU
		{1A48ECAA-D938-4EBD-8631-E14BB87AB66D}.Release|iPhone.Build.0 = Release|Any CPU
		{1A48ECAA-D938-4EBD-8631-E14BB87AB66D}.Release|iPhone.Deploy.0 = Release|Any CPU
		{1A48ECAA-D938-4EBD-8631-E14BB87AB66D}.Release|iPhoneSimulator.ActiveCfg = Release|Any CPU
		{1A48ECAA-D938-4EBD-8631-E14BB87AB66D}.Release|iPhoneSimulator.Build.0 = Release|Any CPU
		{1A48ECAA-D938-4EBD-8631-E14BB87AB66D}.Release|iPhoneSimulator.Deploy.0 = Release|Any CPU
		{1A48ECAA-D938-4EBD-8631-E14BB87AB66D}.Release|x64.ActiveCfg = Release|Any CPU
		{1A48ECAA-D938-4EBD-8631-E14BB87AB66D}.Release|x64.Build.0 = Release|Any CPU
		{1A48ECAA-D938-4EBD-8631-E14BB87AB66D}.Release|x64.Deploy.0 = Release|Any CPU
		{1A48ECAA-D938-4EBD-8631-E14BB87AB66D}.Release|x86.ActiveCfg = Release|Any CPU
		{1A48ECAA-D938-4EBD-8631-E14BB87AB66D}.Release|x86.Build.0 = Release|Any CPU
		{1A48ECAA-D938-4EBD-8631-E14BB87AB66D}.Release|x86.Deploy.0 = Release|Any CPU
	EndGlobalSection
	GlobalSection(SolutionProperties) = preSolution
		HideSolutionNode = FALSE
	EndGlobalSection
	GlobalSection(ExtensibilityGlobals) = postSolution
		SolutionGuid = {80BAEFB4-8DD9-4D1C-8DF2-C575A5695251}
	EndGlobalSection
EndGlobal
