
Microsoft Visual Studio Solution File, Format Version 12.00
# Visual Studio Version 16
VisualStudioVersion = 16.0.28917.181
MinimumVisualStudioVersion = 10.0.40219.1
Project("{FAE04EC0-301F-11D3-BF4B-00C04F79EFBC}") = "Linker.Android", "Linker.Android\Linker.Android.csproj", "{52DF25FD-F683-4256-99F2-2CBC8CD6B4E2}"
EndProject
Project("{FAE04EC0-301F-11D3-BF4B-00C04F79EFBC}") = "Linker", "Linker\Linker.csproj", "{48A6F6B4-3641-48B2-948C-8BA0E2A426B7}"
EndProject
Global
	GlobalSection(SolutionConfigurationPlatforms) = preSolution
		Debug|Any CPU = Debug|Any CPU
		DebugLinkSdk|Any CPU = DebugLinkSdk|Any CPU
		DebugLinkSdkAndUser|Any CPU = DebugLinkSdkAndUser|Any CPU
		Release|Any CPU = Release|Any CPU
	EndGlobalSection
	GlobalSection(ProjectConfigurationPlatforms) = postSolution
		{52DF25FD-F683-4256-99F2-2CBC8CD6B4E2}.Debug|Any CPU.ActiveCfg = Debug|Any CPU
		{52DF25FD-F683-4256-99F2-2CBC8CD6B4E2}.Debug|Any CPU.Build.0 = Debug|Any CPU
		{52DF25FD-F683-4256-99F2-2CBC8CD6B4E2}.Debug|Any CPU.Deploy.0 = Debug|Any CPU
		{52DF25FD-F683-4256-99F2-2CBC8CD6B4E2}.DebugLinkSdk|Any CPU.ActiveCfg = DebugLinkSdk|Any CPU
		{52DF25FD-F683-4256-99F2-2CBC8CD6B4E2}.DebugLinkSdk|Any CPU.Build.0 = DebugLinkSdk|Any CPU
		{52DF25FD-F683-4256-99F2-2CBC8CD6B4E2}.DebugLinkSdk|Any CPU.Deploy.0 = DebugLinkSdk|Any CPU
		{52DF25FD-F683-4256-99F2-2CBC8CD6B4E2}.DebugLinkSdkAndUser|Any CPU.ActiveCfg = DebugLinkSdkAndUser|Any CPU
		{52DF25FD-F683-4256-99F2-2CBC8CD6B4E2}.DebugLinkSdkAndUser|Any CPU.Build.0 = DebugLinkSdkAndUser|Any CPU
		{52DF25FD-F683-4256-99F2-2CBC8CD6B4E2}.DebugLinkSdkAndUser|Any CPU.Deploy.0 = DebugLinkSdkAndUser|Any CPU
		{52DF25FD-F683-4256-99F2-2CBC8CD6B4E2}.Release|Any CPU.ActiveCfg = Release|Any CPU
		{52DF25FD-F683-4256-99F2-2CBC8CD6B4E2}.Release|Any CPU.Build.0 = Release|Any CPU
		{52DF25FD-F683-4256-99F2-2CBC8CD6B4E2}.Release|Any CPU.Deploy.0 = Release|Any CPU
		{48A6F6B4-3641-48B2-948C-8BA0E2A426B7}.Debug|Any CPU.ActiveCfg = Debug|Any CPU
		{48A6F6B4-3641-48B2-948C-8BA0E2A426B7}.Debug|Any CPU.Build.0 = Debug|Any CPU
		{48A6F6B4-3641-48B2-948C-8BA0E2A426B7}.Debug|Any CPU.Deploy.0 = Debug|Any CPU
		{48A6F6B4-3641-48B2-948C-8BA0E2A426B7}.DebugLinkSdk|Any CPU.ActiveCfg = DebugLinkSdk|Any CPU
		{48A6F6B4-3641-48B2-948C-8BA0E2A426B7}.DebugLinkSdk|Any CPU.Build.0 = DebugLinkSdk|Any CPU
		{48A6F6B4-3641-48B2-948C-8BA0E2A426B7}.DebugLinkSdkAndUser|Any CPU.ActiveCfg = DebugLinkSdkAndUser|Any CPU
		{48A6F6B4-3641-48B2-948C-8BA0E2A426B7}.DebugLinkSdkAndUser|Any CPU.Build.0 = DebugLinkSdkAndUser|Any CPU
		{48A6F6B4-3641-48B2-948C-8BA0E2A426B7}.Release|Any CPU.ActiveCfg = Release|Any CPU
		{48A6F6B4-3641-48B2-948C-8BA0E2A426B7}.Release|Any CPU.Build.0 = Release|Any CPU
		{48A6F6B4-3641-48B2-948C-8BA0E2A426B7}.Release|Any CPU.Deploy.0 = Release|Any CPU
	EndGlobalSection
	GlobalSection(SolutionProperties) = preSolution
		HideSolutionNode = FALSE
	EndGlobalSection
	GlobalSection(ExtensibilityGlobals) = postSolution
		SolutionGuid = {02DF5F4A-6C0C-4003-9FEE-DB947DC983D2}
	EndGlobalSection
EndGlobal
